
Microsoft Visual Studio Solution File, Format Version 12.00
# Visual Studio Version 16
VisualStudioVersion = 16.0.33027.164
MinimumVisualStudioVersion = 10.0.40219.1
Project("{9A19103F-16F7-4668-BE54-9A1E7A4F7556}") = "SkillMine_Project", "PentagonSpace_Project\SkillMine_Project.csproj", "{BEF7E1ED-B1DD-46A9-AC2C-CC42B59F3BD2}"
EndProject
Global
	GlobalSection(SolutionConfigurationPlatforms) = preSolution
		Debug|Any CPU = Debug|Any CPU
		Release|Any CPU = Release|Any CPU
	EndGlobalSection
	GlobalSection(ProjectConfigurationPlatforms) = postSolution
		{BEF7E1ED-B1DD-46A9-AC2C-CC42B59F3BD2}.Debug|Any CPU.ActiveCfg = Debug|Any CPU
		{BEF7E1ED-B1DD-46A9-AC2C-CC42B59F3BD2}.Debug|Any CPU.Build.0 = Debug|Any CPU
		{BEF7E1ED-B1DD-46A9-AC2C-CC42B59F3BD2}.Release|Any CPU.ActiveCfg = Release|Any CPU
		{BEF7E1ED-B1DD-46A9-AC2C-CC42B59F3BD2}.Release|Any CPU.Build.0 = Release|Any CPU
	EndGlobalSection
	GlobalSection(SolutionProperties) = preSolution
		HideSolutionNode = FALSE
	EndGlobalSection
	GlobalSection(ExtensibilityGlobals) = postSolution
		SolutionGuid = {E6EDD4F5-DCAE-4B3D-B92F-7F1EC98DF51A}
	EndGlobalSection
EndGlobal
